// !$*UTF8*$!
{
	archiveVersion = 1;
	classes = {
	};
	objectVersion = 55;
	objects = {

/* Begin PBXBuildFile section */
		8C639F6528DAF62A0026BBDB /* HackwichThreeApp.swift in Sources */ = {isa = PBXBuildFile; fileRef = 8C639F6428DAF62A0026BBDB /* HackwichThreeApp.swift */; };
		8C639F6728DAF62A0026BBDB /* ContentView.swift in Sources */ = {isa = PBXBuildFile; fileRef = 8C639F6628DAF62A0026BBDB /* ContentView.swift */; };
		8C639F6928DAF62B0026BBDB /* Assets.xcassets in Resources */ = {isa = PBXBuildFile; fileRef = 8C639F6828DAF62B0026BBDB /* Assets.xcassets */; };
		8C639F6C28DAF62B0026BBDB /* Preview Assets.xcassets in Resources */ = {isa = PBXBuildFile; fileRef = 8C639F6B28DAF62B0026BBDB /* Preview Assets.xcassets */; };
		8C639F7628DAF62B0026BBDB /* HackwichThreeTests.swift in Sources */ = {isa = PBXBuildFile; fileRef = 8C639F7528DAF62B0026BBDB /* HackwichThreeTests.swift */; };
		8C639F8028DAF62B0026BBDB /* HackwichThreeUITests.swift in Sources */ = {isa = PBXBuildFile; fileRef = 8C639F7F28DAF62B0026BBDB /* HackwichThreeUITests.swift */; };
		8C639F8228DAF62B0026BBDB /* HackwichThreeUITestsLaunchTests.swift in Sources */ = {isa = PBXBuildFile; fileRef = 8C639F8128DAF62B0026BBDB /* HackwichThreeUITestsLaunchTests.swift */; };
		8C639F8F28DAF7B70026BBDB /* ViewController.swift in Sources */ = {isa = PBXBuildFile; fileRef = 8C639F8E28DAF7B70026BBDB /* ViewController.swift */; };
		8C639F9128DAF7E70026BBDB /* HackwichThreeStoryboard.storyboard in Resources */ = {isa = PBXBuildFile; fileRef = 8C639F9028DAF7E70026BBDB /* HackwichThreeStoryboard.storyboard */; };
/* End PBXBuildFile section */

/* Begin PBXContainerItemProxy section */
		8C639F7228DAF62B0026BBDB /* PBXContainerItemProxy */ = {
			isa = PBXContainerItemProxy;
			containerPortal = 8C639F5928DAF62A0026BBDB /* Project object */;
			proxyType = 1;
			remoteGlobalIDString = 8C639F6028DAF62A0026BBDB;
			remoteInfo = HackwichThree;
		};
		8C639F7C28DAF62B0026BBDB /* PBXContainerItemProxy */ = {
			isa = PBXContainerItemProxy;
			containerPortal = 8C639F5928DAF62A0026BBDB /* Project object */;
			proxyType = 1;
			remoteGlobalIDString = 8C639F6028DAF62A0026BBDB;
			remoteInfo = HackwichThree;
		};
/* End PBXContainerItemProxy section */

/* Begin PBXFileReference section */
		8C639F6128DAF62A0026BBDB /* HackwichThree.app */ = {isa = PBXFileReference; explicitFileType = wrapper.application; includeInIndex = 0; path = HackwichThree.app; sourceTree = BUILT_PRODUCTS_DIR; };
		8C639F6428DAF62A0026BBDB /* HackwichThreeApp.swift */ = {isa = PBXFileReference; lastKnownFileType = sourcecode.swift; path = HackwichThreeApp.swift; sourceTree = "<group>"; };
		8C639F6628DAF62A0026BBDB /* ContentView.swift */ = {isa = PBXFileReference; lastKnownFileType = sourcecode.swift; path = ContentView.swift; sourceTree = "<group>"; };
		8C639F6828DAF62B0026BBDB /* Assets.xcassets */ = {isa = PBXFileReference; lastKnownFileType = folder.assetcatalog; path = Assets.xcassets; sourceTree = "<group>"; };
		8C639F6B28DAF62B0026BBDB /* Preview Assets.xcassets */ = {isa = PBXFileReference; lastKnownFileType = folder.assetcatalog; path = "Preview Assets.xcassets"; sourceTree = "<group>"; };
		8C639F7128DAF62B0026BBDB /* HackwichThreeTests.xctest */ = {isa = PBXFileReference; explicitFileType = wrapper.cfbundle; includeInIndex = 0; path = HackwichThreeTests.xctest; sourceTree = BUILT_PRODUCTS_DIR; };
		8C639F7528DAF62B0026BBDB /* HackwichThreeTests.swift */ = {isa = PBXFileReference; lastKnownFileType = sourcecode.swift; path = HackwichThreeTests.swift; sourceTree = "<group>"; };
		8C639F7B28DAF62B0026BBDB /* HackwichThreeUITests.xctest */ = {isa = PBXFileReference; explicitFileType = wrapper.cfbundle; includeInIndex = 0; path = HackwichThreeUITests.xctest; sourceTree = BUILT_PRODUCTS_DIR; };
		8C639F7F28DAF62B0026BBDB /* HackwichThreeUITests.swift */ = {isa = PBXFileReference; lastKnownFileType = sourcecode.swift; path = HackwichThreeUITests.swift; sourceTree = "<group>"; };
		8C639F8128DAF62B0026BBDB /* HackwichThreeUITestsLaunchTests.swift */ = {isa = PBXFileReference; lastKnownFileType = sourcecode.swift; path = HackwichThreeUITestsLaunchTests.swift; sourceTree = "<group>"; };
		8C639F8E28DAF7B70026BBDB /* ViewController.swift */ = {isa = PBXFileReference; lastKnownFileType = sourcecode.swift; path = ViewController.swift; sourceTree = "<group>"; };
		8C639F9028DAF7E70026BBDB /* HackwichThreeStoryboard.storyboard */ = {isa = PBXFileReference; lastKnownFileType = file.storyboard; path = HackwichThreeStoryboard.storyboard; sourceTree = "<group>"; };
/* End PBXFileReference section */

/* Begin PBXFrameworksBuildPhase section */
		8C639F5E28DAF62A0026BBDB /* Frameworks */ = {
			isa = PBXFrameworksBuildPhase;
			buildActionMask = 2147483647;
			files = (
			);
			runOnlyForDeploymentPostprocessing = 0;
		};
		8C639F6E28DAF62B0026BBDB /* Frameworks */ = {
			isa = PBXFrameworksBuildPhase;
			buildActionMask = 2147483647;
			files = (
			);
			runOnlyForDeploymentPostprocessing = 0;
		};
		8C639F7828DAF62B0026BBDB /* Frameworks */ = {
			isa = PBXFrameworksBuildPhase;
			buildActionMask = 2147483647;
			files = (
			);
			runOnlyForDeploymentPostprocessing = 0;
		};
/* End PBXFrameworksBuildPhase section */

/* Begin PBXGroup section */
		8C639F5828DAF62A0026BBDB = {
			isa = PBXGroup;
			children = (
				8C639F6328DAF62A0026BBDB /* HackwichThree */,
				8C639F7428DAF62B0026BBDB /* HackwichThreeTests */,
				8C639F7E28DAF62B0026BBDB /* HackwichThreeUITests */,
				8C639F6228DAF62A0026BBDB /* Products */,
			);
			sourceTree = "<group>";
		};
		8C639F6228DAF62A0026BBDB /* Products */ = {
			isa = PBXGroup;
			children = (
				8C639F6128DAF62A0026BBDB /* HackwichThree.app */,
				8C639F7128DAF62B0026BBDB /* HackwichThreeTests.xctest */,
				8C639F7B28DAF62B0026BBDB /* HackwichThreeUITests.xctest */,
			);
			name = Products;
			sourceTree = "<group>";
		};
		8C639F6328DAF62A0026BBDB /* HackwichThree */ = {
			isa = PBXGroup;
			children = (
				8C639F6428DAF62A0026BBDB /* HackwichThreeApp.swift */,
				8C639F6628DAF62A0026BBDB /* ContentView.swift */,
				8C639F8E28DAF7B70026BBDB /* ViewController.swift */,
				8C639F9028DAF7E70026BBDB /* HackwichThreeStoryboard.storyboard */,
				8C639F6828DAF62B0026BBDB /* Assets.xcassets */,
				8C639F6A28DAF62B0026BBDB /* Preview Content */,
			);
			path = HackwichThree;
			sourceTree = "<group>";
		};
		8C639F6A28DAF62B0026BBDB /* Preview Content */ = {
			isa = PBXGroup;
			children = (
				8C639F6B28DAF62B0026BBDB /* Preview Assets.xcassets */,
			);
			path = "Preview Content";
			sourceTree = "<group>";
		};
		8C639F7428DAF62B0026BBDB /* HackwichThreeTests */ = {
			isa = PBXGroup;
			children = (
				8C639F7528DAF62B0026BBDB /* HackwichThreeTests.swift */,
			);
			path = HackwichThreeTests;
			sourceTree = "<group>";
		};
		8C639F7E28DAF62B0026BBDB /* HackwichThreeUITests */ = {
			isa = PBXGroup;
			children = (
				8C639F7F28DAF62B0026BBDB /* HackwichThreeUITests.swift */,
				8C639F8128DAF62B0026BBDB /* HackwichThreeUITestsLaunchTests.swift */,
			);
			path = HackwichThreeUITests;
			sourceTree = "<group>";
		};
/* End PBXGroup section */

/* Begin PBXNativeTarget section */
		8C639F6028DAF62A0026BBDB /* HackwichThree */ = {
			isa = PBXNativeTarget;
			buildConfigurationList = 8C639F8528DAF62B0026BBDB /* Build configuration list for PBXNativeTarget "HackwichThree" */;
			buildPhases = (
				8C639F5D28DAF62A0026BBDB /* Sources */,
				8C639F5E28DAF62A0026BBDB /* Frameworks */,
				8C639F5F28DAF62A0026BBDB /* Resources */,
			);
			buildRules = (
			);
			dependencies = (
			);
			name = HackwichThree;
			productName = HackwichThree;
			productReference = 8C639F6128DAF62A0026BBDB /* HackwichThree.app */;
			productType = "com.apple.product-type.application";
		};
		8C639F7028DAF62B0026BBDB /* HackwichThreeTests */ = {
			isa = PBXNativeTarget;
			buildConfigurationList = 8C639F8828DAF62B0026BBDB /* Build configuration list for PBXNativeTarget "HackwichThreeTests" */;
			buildPhases = (
				8C639F6D28DAF62B0026BBDB /* Sources */,
				8C639F6E28DAF62B0026BBDB /* Frameworks */,
				8C639F6F28DAF62B0026BBDB /* Resources */,
			);
			buildRules = (
			);
			dependencies = (
				8C639F7328DAF62B0026BBDB /* PBXTargetDependency */,
			);
			name = HackwichThreeTests;
			productName = HackwichThreeTests;
			productReference = 8C639F7128DAF62B0026BBDB /* HackwichThreeTests.xctest */;
			productType = "com.apple.product-type.bundle.unit-test";
		};
		8C639F7A28DAF62B0026BBDB /* HackwichThreeUITests */ = {
			isa = PBXNativeTarget;
			buildConfigurationList = 8C639F8B28DAF62B0026BBDB /* Build configuration list for PBXNativeTarget "HackwichThreeUITests" */;
			buildPhases = (
				8C639F7728DAF62B0026BBDB /* Sources */,
				8C639F7828DAF62B0026BBDB /* Frameworks */,
				8C639F7928DAF62B0026BBDB /* Resources */,
			);
			buildRules = (
			);
			dependencies = (
				8C639F7D28DAF62B0026BBDB /* PBXTargetDependency */,
			);
			name = HackwichThreeUITests;
			productName = HackwichThreeUITests;
			productReference = 8C639F7B28DAF62B0026BBDB /* HackwichThreeUITests.xctest */;
			productType = "com.apple.product-type.bundle.ui-testing";
		};
/* End PBXNativeTarget section */

/* Begin PBXProject section */
		8C639F5928DAF62A0026BBDB /* Project object */ = {
			isa = PBXProject;
			attributes = {
				BuildIndependentTargetsInParallel = 1;
				LastSwiftUpdateCheck = 1340;
				LastUpgradeCheck = 1340;
				TargetAttributes = {
					8C639F6028DAF62A0026BBDB = {
						CreatedOnToolsVersion = 13.4.1;
					};
					8C639F7028DAF62B0026BBDB = {
						CreatedOnToolsVersion = 13.4.1;
						TestTargetID = 8C639F6028DAF62A0026BBDB;
					};
					8C639F7A28DAF62B0026BBDB = {
						CreatedOnToolsVersion = 13.4.1;
						TestTargetID = 8C639F6028DAF62A0026BBDB;
					};
				};
			};
			buildConfigurationList = 8C639F5C28DAF62A0026BBDB /* Build configuration list for PBXProject "HackwichThree" */;
			compatibilityVersion = "Xcode 13.0";
			developmentRegion = en;
			hasScannedForEncodings = 0;
			knownRegions = (
				en,
				Base,
			);
			mainGroup = 8C639F5828DAF62A0026BBDB;
			productRefGroup = 8C639F6228DAF62A0026BBDB /* Products */;
			projectDirPath = "";
			projectRoot = "";
			targets = (
				8C639F6028DAF62A0026BBDB /* HackwichThree */,
				8C639F7028DAF62B0026BBDB /* HackwichThreeTests */,
				8C639F7A28DAF62B0026BBDB /* HackwichThreeUITests */,
			);
		};
/* End PBXProject section */

/* Begin PBXResourcesBuildPhase section */
		8C639F5F28DAF62A0026BBDB /* Resources */ = {
			isa = PBXResourcesBuildPhase;
			buildActionMask = 2147483647;
			files = (
				8C639F6C28DAF62B0026BBDB /* Preview Assets.xcassets in Resources */,
				8C639F9128DAF7E70026BBDB /* HackwichThreeStoryboard.storyboard in Resources */,
				8C639F6928DAF62B0026BBDB /* Assets.xcassets in Resources */,
			);
			runOnlyForDeploymentPostprocessing = 0;
		};
		8C639F6F28DAF62B0026BBDB /* Resources */ = {
			isa = PBXResourcesBuildPhase;
			buildActionMask = 2147483647;
			files = (
			);
			runOnlyForDeploymentPostprocessing = 0;
		};
		8C639F7928DAF62B0026BBDB /* Resources */ = {
			isa = PBXResourcesBuildPhase;
			buildActionMask = 2147483647;
			files = (
			);
			runOnlyForDeploymentPostprocessing = 0;
		};
/* End PBXResourcesBuildPhase section */

/* Begin PBXSourcesBuildPhase section */
		8C639F5D28DAF62A0026BBDB /* Sources */ = {
			isa = PBXSourcesBuildPhase;
			buildActionMask = 2147483647;
			files = (
				8C639F8F28DAF7B70026BBDB /* ViewController.swift in Sources */,
				8C639F6728DAF62A0026BBDB /* ContentView.swift in Sources */,
				8C639F6528DAF62A0026BBDB /* HackwichThreeApp.swift in Sources */,
			);
			runOnlyForDeploymentPostprocessing = 0;
		};
		8C639F6D28DAF62B0026BBDB /* Sources */ = {
			isa = PBXSourcesBuildPhase;
			buildActionMask = 2147483647;
			files = (
				8C639F7628DAF62B0026BBDB /* HackwichThreeTests.swift in Sources */,
			);
			runOnlyForDeploymentPostprocessing = 0;
		};
		8C639F7728DAF62B0026BBDB /* Sources */ = {
			isa = PBXSourcesBuildPhase;
			buildActionMask = 2147483647;
			files = (
				8C639F8028DAF62B0026BBDB /* HackwichThreeUITests.swift in Sources */,
				8C639F8228DAF62B0026BBDB /* HackwichThreeUITestsLaunchTests.swift in Sources */,
			);
			runOnlyForDeploymentPostprocessing = 0;
		};
/* End PBXSourcesBuildPhase section */

/* Begin PBXTargetDependency section */
		8C639F7328DAF62B0026BBDB /* PBXTargetDependency */ = {
			isa = PBXTargetDependency;
			target = 8C639F6028DAF62A0026BBDB /* HackwichThree */;
			targetProxy = 8C639F7228DAF62B0026BBDB /* PBXContainerItemProxy */;
		};
		8C639F7D28DAF62B0026BBDB /* PBXTargetDependency */ = {
			isa = PBXTargetDependency;
			target = 8C639F6028DAF62A0026BBDB /* HackwichThree */;
			targetProxy = 8C639F7C28DAF62B0026BBDB /* PBXContainerItemProxy */;
		};
/* End PBXTargetDependency section */

/* Begin XCBuildConfiguration section */
		8C639F8328DAF62B0026BBDB /* Debug */ = {
			isa = XCBuildConfiguration;
			buildSettings = {
				ALWAYS_SEARCH_USER_PATHS = NO;
				CLANG_ANALYZER_NONNULL = YES;
				CLANG_ANALYZER_NUMBER_OBJECT_CONVERSION = YES_AGGRESSIVE;
				CLANG_CXX_LANGUAGE_STANDARD = "gnu++17";
				CLANG_ENABLE_MODULES = YES;
				CLANG_ENABLE_OBJC_ARC = YES;
				CLANG_ENABLE_OBJC_WEAK = YES;
				CLANG_WARN_BLOCK_CAPTURE_AUTORELEASING = YES;
				CLANG_WARN_BOOL_CONVERSION = YES;
				CLANG_WARN_COMMA = YES;
				CLANG_WARN_CONSTANT_CONVERSION = YES;
				CLANG_WARN_DEPRECATED_OBJC_IMPLEMENTATIONS = YES;
				CLANG_WARN_DIRECT_OBJC_ISA_USAGE = YES_ERROR;
				CLANG_WARN_DOCUMENTATION_COMMENTS = YES;
				CLANG_WARN_EMPTY_BODY = YES;
				CLANG_WARN_ENUM_CONVERSION = YES;
				CLANG_WARN_INFINITE_RECURSION = YES;
				CLANG_WARN_INT_CONVERSION = YES;
				CLANG_WARN_NON_LITERAL_NULL_CONVERSION = YES;
				CLANG_WARN_OBJC_IMPLICIT_RETAIN_SELF = YES;
				CLANG_WARN_OBJC_LITERAL_CONVERSION = YES;
				CLANG_WARN_OBJC_ROOT_CLASS = YES_ERROR;
				CLANG_WARN_QUOTED_INCLUDE_IN_FRAMEWORK_HEADER = YES;
				CLANG_WARN_RANGE_LOOP_ANALYSIS = YES;
				CLANG_WARN_STRICT_PROTOTYPES = YES;
				CLANG_WARN_SUSPICIOUS_MOVE = YES;
				CLANG_WARN_UNGUARDED_AVAILABILITY = YES_AGGRESSIVE;
				CLANG_WARN_UNREACHABLE_CODE = YES;
				CLANG_WARN__DUPLICATE_METHOD_MATCH = YES;
				COPY_PHASE_STRIP = NO;
				DEBUG_INFORMATION_FORMAT = dwarf;
				ENABLE_STRICT_OBJC_MSGSEND = YES;
				ENABLE_TESTABILITY = YES;
				GCC_C_LANGUAGE_STANDARD = gnu11;
				GCC_DYNAMIC_NO_PIC = NO;
				GCC_NO_COMMON_BLOCKS = YES;
				GCC_OPTIMIZATION_LEVEL = 0;
				GCC_PREPROCESSOR_DEFINITIONS = (
					"DEBUG=1",
					"$(inherited)",
				);
				GCC_WARN_64_TO_32_BIT_CONVERSION = YES;
				GCC_WARN_ABOUT_RETURN_TYPE = YES_ERROR;
				GCC_WARN_UNDECLARED_SELECTOR = YES;
				GCC_WARN_UNINITIALIZED_AUTOS = YES_AGGRESSIVE;
				GCC_WARN_UNUSED_FUNCTION = YES;
				GCC_WARN_UNUSED_VARIABLE = YES;
				IPHONEOS_DEPLOYMENT_TARGET = 15.5;
				MTL_ENABLE_DEBUG_INFO = INCLUDE_SOURCE;
				MTL_FAST_MATH = YES;
				ONLY_ACTIVE_ARCH = YES;
				SDKROOT = iphoneos;
				SWIFT_ACTIVE_COMPILATION_CONDITIONS = DEBUG;
				SWIFT_OPTIMIZATION_LEVEL = "-Onone";
			};
			name = Debug;
		};
		8C639F8428DAF62B0026BBDB /* Release */ = {
			isa = XCBuildConfiguration;
			buildSettings = {
				ALWAYS_SEARCH_USER_PATHS = NO;
				CLANG_ANALYZER_NONNULL = YES;
				CLANG_ANALYZER_NUMBER_OBJECT_CONVERSION = YES_AGGRESSIVE;
				CLANG_CXX_LANGUAGE_STANDARD = "gnu++17";
				CLANG_ENABLE_MODULES = YES;
				CLANG_ENABLE_OBJC_ARC = YES;
				CLANG_ENABLE_OBJC_WEAK = YES;
				CLANG_WARN_BLOCK_CAPTURE_AUTORELEASING = YES;
				CLANG_WARN_BOOL_CONVERSION = YES;
				CLANG_WARN_COMMA = YES;
				CLANG_WARN_CONSTANT_CONVERSION = YES;
				CLANG_WARN_DEPRECATED_OBJC_IMPLEMENTATIONS = YES;
				CLANG_WARN_DIRECT_OBJC_ISA_USAGE = YES_ERROR;
				CLANG_WARN_DOCUMENTATION_COMMENTS = YES;
				CLANG_WARN_EMPTY_BODY = YES;
				CLANG_WARN_ENUM_CONVERSION = YES;
				CLANG_WARN_INFINITE_RECURSION = YES;
				CLANG_WARN_INT_CONVERSION = YES;
				CLANG_WARN_NON_LITERAL_NULL_CONVERSION = YES;
				CLANG_WARN_OBJC_IMPLICIT_RETAIN_SELF = YES;
				CLANG_WARN_OBJC_LITERAL_CONVERSION = YES;
				CLANG_WARN_OBJC_ROOT_CLASS = YES_ERROR;
				CLANG_WARN_QUOTED_INCLUDE_IN_FRAMEWORK_HEADER = YES;
				CLANG_WARN_RANGE_LOOP_ANALYSIS = YES;
				CLANG_WARN_STRICT_PROTOTYPES = YES;
				CLANG_WARN_SUSPICIOUS_MOVE = YES;
				CLANG_WARN_UNGUARDED_AVAILABILITY = YES_AGGRESSIVE;
				CLANG_WARN_UNREACHABLE_CODE = YES;
				CLANG_WARN__DUPLICATE_METHOD_MATCH = YES;
				COPY_PHASE_STRIP = NO;
				DEBUG_INFORMATION_FORMAT = "dwarf-with-dsym";
				ENABLE_NS_ASSERTIONS = NO;
				ENABLE_STRICT_OBJC_MSGSEND = YES;
				GCC_C_LANGUAGE_STANDARD = gnu11;
				GCC_NO_COMMON_BLOCKS = YES;
				GCC_WARN_64_TO_32_BIT_CONVERSION = YES;
				GCC_WARN_ABOUT_RETURN_TYPE = YES_ERROR;
				GCC_WARN_UNDECLARED_SELECTOR = YES;
				GCC_WARN_UNINITIALIZED_AUTOS = YES_AGGRESSIVE;
				GCC_WARN_UNUSED_FUNCTION = YES;
				GCC_WARN_UNUSED_VARIABLE = YES;
				IPHONEOS_DEPLOYMENT_TARGET = 15.5;
				MTL_ENABLE_DEBUG_INFO = NO;
				MTL_FAST_MATH = YES;
				SDKROOT = iphoneos;
				SWIFT_COMPILATION_MODE = wholemodule;
				SWIFT_OPTIMIZATION_LEVEL = "-O";
				VALIDATE_PRODUCT = YES;
			};
			name = Release;
		};
		8C639F8628DAF62B0026BBDB /* Debug */ = {
			isa = XCBuildConfiguration;
			buildSettings = {
				ASSETCATALOG_COMPILER_APPICON_NAME = AppIcon;
				ASSETCATALOG_COMPILER_GLOBAL_ACCENT_COLOR_NAME = AccentColor;
				CODE_SIGN_STYLE = Automatic;
				CURRENT_PROJECT_VERSION = 1;
				DEVELOPMENT_ASSET_PATHS = "\"HackwichThree/Preview Content\"";
				DEVELOPMENT_TEAM = KP23C8BJF5;
				ENABLE_PREVIEWS = YES;
				GENERATE_INFOPLIST_FILE = YES;
				INFOPLIST_KEY_UIApplicationSceneManifest_Generation = YES;
				INFOPLIST_KEY_UIApplicationSupportsIndirectInputEvents = YES;
				INFOPLIST_KEY_UILaunchScreen_Generation = YES;
				INFOPLIST_KEY_UISupportedInterfaceOrientations_iPad = "UIInterfaceOrientationPortrait UIInterfaceOrientationPortraitUpsideDown UIInterfaceOrientationLandscapeLeft UIInterfaceOrientationLandscapeRight";
				INFOPLIST_KEY_UISupportedInterfaceOrientations_iPhone = "UIInterfaceOrientationPortrait UIInterfaceOrientationLandscapeLeft UIInterfaceOrientationLandscapeRight";
				LD_RUNPATH_SEARCH_PATHS = (
					"$(inherited)",
					"@executable_path/Frameworks",
				);
				MARKETING_VERSION = 1.0;
				PRODUCT_BUNDLE_IDENTIFIER = UHWO.HackwichThree;
				PRODUCT_NAME = "$(TARGET_NAME)";
				SWIFT_EMIT_LOC_STRINGS = YES;
				SWIFT_VERSION = 5.0;
				TARGETED_DEVICE_FAMILY = "1,2";
			};
			name = Debug;
		};
		8C639F8728DAF62B0026BBDB /* Release */ = {
			isa = XCBuildConfiguration;
			buildSettings = {
				ASSETCATALOG_COMPILER_APPICON_NAME = AppIcon;
				ASSETCATALOG_COMPILER_GLOBAL_ACCENT_COLOR_NAME = AccentColor;
				CODE_SIGN_STYLE = Automatic;
				CURRENT_PROJECT_VERSION = 1;
				DEVELOPMENT_ASSET_PATHS = "\"HackwichThree/Preview Content\"";
				DEVELOPMENT_TEAM = KP23C8BJF5;
				ENABLE_PREVIEWS = YES;
				GENERATE_INFOPLIST_FILE = YES;
				INFOPLIST_KEY_UIApplicationSceneManifest_Generation = YES;
				INFOPLIST_KEY_UIApplicationSupportsIndirectInputEvents = YES;
				INFOPLIST_KEY_UILaunchScreen_Generation = YES;
				INFOPLIST_KEY_UISupportedInterfaceOrientations_iPad = "UIInterfaceOrientationPortrait UIInterfaceOrientationPortraitUpsideDown UIInterfaceOrientationLandscapeLeft UIInterfaceOrientationLandscapeRight";
				INFOPLIST_KEY_UISupportedInterfaceOrientations_iPhone = "UIInterfaceOrientationPortrait UIInterfaceOrientationLandscapeLeft UIInterfaceOrientationLandscapeRight";
				LD_RUNPATH_SEARCH_PATHS = (
					"$(inherited)",
					"@executable_path/Frameworks",
				);
				MARKETING_VERSION = 1.0;
				PRODUCT_BUNDLE_IDENTIFIER = UHWO.HackwichThree;
				PRODUCT_NAME = "$(TARGET_NAME)";
				SWIFT_EMIT_LOC_STRINGS = YES;
				SWIFT_VERSION = 5.0;
				TARGETED_DEVICE_FAMILY = "1,2";
			};
			name = Release;
		};
		8C639F8928DAF62B0026BBDB /* Debug */ = {
			isa = XCBuildConfiguration;
			buildSettings = {
				ALWAYS_EMBED_SWIFT_STANDARD_LIBRARIES = YES;
				BUNDLE_LOADER = "$(TEST_HOST)";
				CODE_SIGN_STYLE = Automatic;
				CURRENT_PROJECT_VERSION = 1;
				DEVELOPMENT_TEAM = KP23C8BJF5;
				GENERATE_INFOPLIST_FILE = YES;
				IPHONEOS_DEPLOYMENT_TARGET = 15.5;
				MARKETING_VERSION = 1.0;
				PRODUCT_BUNDLE_IDENTIFIER = UHWO.HackwichThreeTests;
				PRODUCT_NAME = "$(TARGET_NAME)";
				SWIFT_EMIT_LOC_STRINGS = NO;
				SWIFT_VERSION = 5.0;
				TARGETED_DEVICE_FAMILY = "1,2";
				TEST_HOST = "$(BUILT_PRODUCTS_DIR)/HackwichThree.app/HackwichThree";
			};
			name = Debug;
		};
		8C639F8A28DAF62B0026BBDB /* Release */ = {
			isa = XCBuildConfiguration;
			buildSettings = {
				ALWAYS_EMBED_SWIFT_STANDARD_LIBRARIES = YES;
				BUNDLE_LOADER = "$(TEST_HOST)";
				CODE_SIGN_STYLE = Automatic;
				CURRENT_PROJECT_VERSION = 1;
				DEVELOPMENT_TEAM = KP23C8BJF5;
				GENERATE_INFOPLIST_FILE = YES;
				IPHONEOS_DEPLOYMENT_TARGET = 15.5;
				MARKETING_VERSION = 1.0;
				PRODUCT_BUNDLE_IDENTIFIER = UHWO.HackwichThreeTests;
				PRODUCT_NAME = "$(TARGET_NAME)";
				SWIFT_EMIT_LOC_STRINGS = NO;
				SWIFT_VERSION = 5.0;
				TARGETED_DEVICE_FAMILY = "1,2";
				TEST_HOST = "$(BUILT_PRODUCTS_DIR)/HackwichThree.app/HackwichThree";
			};
			name = Release;
		};
		8C639F8C28DAF62B0026BBDB /* Debug */ = {
			isa = XCBuildConfiguration;
			buildSettings = {
				ALWAYS_EMBED_SWIFT_STANDARD_LIBRARIES = YES;
				CODE_SIGN_STYLE = Automatic;
				CURRENT_PROJECT_VERSION = 1;
				DEVELOPMENT_TEAM = KP23C8BJF5;
				GENERATE_INFOPLIST_FILE = YES;
				MARKETING_VERSION = 1.0;
				PRODUCT_BUNDLE_IDENTIFIER = UHWO.HackwichThreeUITests;
				PRODUCT_NAME = "$(TARGET_NAME)";
				SWIFT_EMIT_LOC_STRINGS = NO;
				SWIFT_VERSION = 5.0;
				TARGETED_DEVICE_FAMILY = "1,2";
				TEST_TARGET_NAME = HackwichThree;
			};
			name = Debug;
		};
		8C639F8D28DAF62B0026BBDB /* Release */ = {
			isa = XCBuildConfiguration;
			buildSettings = {
				ALWAYS_EMBED_SWIFT_STANDARD_LIBRARIES = YES;
				CODE_SIGN_STYLE = Automatic;
				CURRENT_PROJECT_VERSION = 1;
				DEVELOPMENT_TEAM = KP23C8BJF5;
				GENERATE_INFOPLIST_FILE = YES;
				MARKETING_VERSION = 1.0;
				PRODUCT_BUNDLE_IDENTIFIER = UHWO.HackwichThreeUITests;
				PRODUCT_NAME = "$(TARGET_NAME)";
				SWIFT_EMIT_LOC_STRINGS = NO;
				SWIFT_VERSION = 5.0;
				TARGETED_DEVICE_FAMILY = "1,2";
				TEST_TARGET_NAME = HackwichThree;
			};
			name = Release;
		};
/* End XCBuildConfiguration section */

/* Begin XCConfigurationList section */
		8C639F5C28DAF62A0026BBDB /* Build configuration list for PBXProject "HackwichThree" */ = {
			isa = XCConfigurationList;
			buildConfigurations = (
				8C639F8328DAF62B0026BBDB /* Debug */,
				8C639F8428DAF62B0026BBDB /* Release */,
			);
			defaultConfigurationIsVisible = 0;
			defaultConfigurationName = Release;
		};
		8C639F8528DAF62B0026BBDB /* Build configuration list for PBXNativeTarget "HackwichThree" */ = {
			isa = XCConfigurationList;
			buildConfigurations = (
				8C639F8628DAF62B0026BBDB /* Debug */,
				8C639F8728DAF62B0026BBDB /* Release */,
			);
			defaultConfigurationIsVisible = 0;
			defaultConfigurationName = Release;
		};
		8C639F8828DAF62B0026BBDB /* Build configuration list for PBXNativeTarget "HackwichThreeTests" */ = {
			isa = XCConfigurationList;
			buildConfigurations = (
				8C639F8928DAF62B0026BBDB /* Debug */,
				8C639F8A28DAF62B0026BBDB /* Release */,
			);
			defaultConfigurationIsVisible = 0;
			defaultConfigurationName = Release;
		};
		8C639F8B28DAF62B0026BBDB /* Build configuration list for PBXNativeTarget "HackwichThreeUITests" */ = {
			isa = XCConfigurationList;
			buildConfigurations = (
				8C639F8C28DAF62B0026BBDB /* Debug */,
				8C639F8D28DAF62B0026BBDB /* Release */,
			);
			defaultConfigurationIsVisible = 0;
			defaultConfigurationName = Release;
		};
/* End XCConfigurationList section */
	};
	rootObject = 8C639F5928DAF62A0026BBDB /* Project object */;
}
